
Microsoft Visual Studio Solution File, Format Version 12.00
# Visual Studio Version 17
VisualStudioVersion = 17.0.31903.59
MinimumVisualStudioVersion = 10.0.40219.1
Project("{FAE04EC0-301F-11D3-BF4B-00C04F79EFBC}") = "RuleService", "RuleService\RuleService.csproj", "{E762044D-7435-48BA-AA8C-CBCD42C9524B}"
EndProject
Project("{FAE04EC0-301F-11D3-BF4B-00C04F79EFBC}") = "PricingService", "PricingService\PricingService.csproj", "{C39B0E60-88D4-463F-8D50-72EA871A0514}"
EndProject
Project("{FAE04EC0-301F-11D3-BF4B-00C04F79EFBC}") = "PricingService.Tests", "PricingService.Tests\PricingService.Tests.csproj", "{56E586DC-4682-4560-A0C1-BCFD198F8905}"
EndProject
Project("{FAE04EC0-301F-11D3-BF4B-00C04F79EFBC}") = "RuleService.Tests", "RuleService.Tests\RuleService.Tests.csproj", "{22BD8576-D3D7-425A-9933-B63509FF2190}"
EndProject
Global
	GlobalSection(SolutionConfigurationPlatforms) = preSolution
		Debug|Any CPU = Debug|Any CPU
		Debug|x64 = Debug|x64
		Debug|x86 = Debug|x86
		Release|Any CPU = Release|Any CPU
		Release|x64 = Release|x64
		Release|x86 = Release|x86
	EndGlobalSection
	GlobalSection(ProjectConfigurationPlatforms) = postSolution
		{E762044D-7435-48BA-AA8C-CBCD42C9524B}.Debug|Any CPU.ActiveCfg = Debug|Any CPU
		{E762044D-7435-48BA-AA8C-CBCD42C9524B}.Debug|Any CPU.Build.0 = Debug|Any CPU
		{E762044D-7435-48BA-AA8C-CBCD42C9524B}.Debug|x64.ActiveCfg = Debug|Any CPU
		{E762044D-7435-48BA-AA8C-CBCD42C9524B}.Debug|x64.Build.0 = Debug|Any CPU
		{E762044D-7435-48BA-AA8C-CBCD42C9524B}.Debug|x86.ActiveCfg = Debug|Any CPU
		{E762044D-7435-48BA-AA8C-CBCD42C9524B}.Debug|x86.Build.0 = Debug|Any CPU
		{E762044D-7435-48BA-AA8C-CBCD42C9524B}.Release|Any CPU.ActiveCfg = Release|Any CPU
		{E762044D-7435-48BA-AA8C-CBCD42C9524B}.Release|Any CPU.Build.0 = Release|Any CPU
		{E762044D-7435-48BA-AA8C-CBCD42C9524B}.Release|x64.ActiveCfg = Release|Any CPU
		{E762044D-7435-48BA-AA8C-CBCD42C9524B}.Release|x64.Build.0 = Release|Any CPU
		{E762044D-7435-48BA-AA8C-CBCD42C9524B}.Release|x86.ActiveCfg = Release|Any CPU
		{E762044D-7435-48BA-AA8C-CBCD42C9524B}.Release|x86.Build.0 = Release|Any CPU
		{C39B0E60-88D4-463F-8D50-72EA871A0514}.Debug|Any CPU.ActiveCfg = Debug|Any CPU
		{C39B0E60-88D4-463F-8D50-72EA871A0514}.Debug|Any CPU.Build.0 = Debug|Any CPU
		{C39B0E60-88D4-463F-8D50-72EA871A0514}.Debug|x64.ActiveCfg = Debug|Any CPU
		{C39B0E60-88D4-463F-8D50-72EA871A0514}.Debug|x64.Build.0 = Debug|Any CPU
		{C39B0E60-88D4-463F-8D50-72EA871A0514}.Debug|x86.ActiveCfg = Debug|Any CPU
		{C39B0E60-88D4-463F-8D50-72EA871A0514}.Debug|x86.Build.0 = Debug|Any CPU
		{C39B0E60-88D4-463F-8D50-72EA871A0514}.Release|Any CPU.ActiveCfg = Release|Any CPU
		{C39B0E60-88D4-463F-8D50-72EA871A0514}.Release|Any CPU.Build.0 = Release|Any CPU
		{C39B0E60-88D4-463F-8D50-72EA871A0514}.Release|x64.ActiveCfg = Release|Any CPU
		{C39B0E60-88D4-463F-8D50-72EA871A0514}.Release|x64.Build.0 = Release|Any CPU
		{C39B0E60-88D4-463F-8D50-72EA871A0514}.Release|x86.ActiveCfg = Release|Any CPU
		{C39B0E60-88D4-463F-8D50-72EA871A0514}.Release|x86.Build.0 = Release|Any CPU
		{56E586DC-4682-4560-A0C1-BCFD198F8905}.Debug|Any CPU.ActiveCfg = Debug|Any CPU
		{56E586DC-4682-4560-A0C1-BCFD198F8905}.Debug|Any CPU.Build.0 = Debug|Any CPU
		{56E586DC-4682-4560-A0C1-BCFD198F8905}.Debug|x64.ActiveCfg = Debug|Any CPU
		{56E586DC-4682-4560-A0C1-BCFD198F8905}.Debug|x64.Build.0 = Debug|Any CPU
		{56E586DC-4682-4560-A0C1-BCFD198F8905}.Debug|x86.ActiveCfg = Debug|Any CPU
		{56E586DC-4682-4560-A0C1-BCFD198F8905}.Debug|x86.Build.0 = Debug|Any CPU
		{56E586DC-4682-4560-A0C1-BCFD198F8905}.Release|Any CPU.ActiveCfg = Release|Any CPU
		{56E586DC-4682-4560-A0C1-BCFD198F8905}.Release|Any CPU.Build.0 = Release|Any CPU
		{56E586DC-4682-4560-A0C1-BCFD198F8905}.Release|x64.ActiveCfg = Release|Any CPU
		{56E586DC-4682-4560-A0C1-BCFD198F8905}.Release|x64.Build.0 = Release|Any CPU
		{56E586DC-4682-4560-A0C1-BCFD198F8905}.Release|x86.ActiveCfg = Release|Any CPU
		{56E586DC-4682-4560-A0C1-BCFD198F8905}.Release|x86.Build.0 = Release|Any CPU
		{22BD8576-D3D7-425A-9933-B63509FF2190}.Debug|Any CPU.ActiveCfg = Debug|Any CPU
		{22BD8576-D3D7-425A-9933-B63509FF2190}.Debug|Any CPU.Build.0 = Debug|Any CPU
		{22BD8576-D3D7-425A-9933-B63509FF2190}.Debug|x64.ActiveCfg = Debug|Any CPU
		{22BD8576-D3D7-425A-9933-B63509FF2190}.Debug|x64.Build.0 = Debug|Any CPU
		{22BD8576-D3D7-425A-9933-B63509FF2190}.Debug|x86.ActiveCfg = Debug|Any CPU
		{22BD8576-D3D7-425A-9933-B63509FF2190}.Debug|x86.Build.0 = Debug|Any CPU
		{22BD8576-D3D7-425A-9933-B63509FF2190}.Release|Any CPU.ActiveCfg = Release|Any CPU
		{22BD8576-D3D7-425A-9933-B63509FF2190}.Release|Any CPU.Build.0 = Release|Any CPU
		{22BD8576-D3D7-425A-9933-B63509FF2190}.Release|x64.ActiveCfg = Release|Any CPU
		{22BD8576-D3D7-425A-9933-B63509FF2190}.Release|x64.Build.0 = Release|Any CPU
		{22BD8576-D3D7-425A-9933-B63509FF2190}.Release|x86.ActiveCfg = Release|Any CPU
		{22BD8576-D3D7-425A-9933-B63509FF2190}.Release|x86.Build.0 = Release|Any CPU
	EndGlobalSection
	GlobalSection(SolutionProperties) = preSolution
		HideSolutionNode = FALSE
	EndGlobalSection
EndGlobal
