
Microsoft Visual Studio Solution File, Format Version 12.00
# Visual Studio Version 17
VisualStudioVersion = 17.0.31903.59
MinimumVisualStudioVersion = 10.0.40219.1
Project("{2150E333-8FDC-42A3-9474-1A3956D46DE8}") = "apps", "apps", "{1787FE1D-075E-9E68-7218-25F1BD1BBEAB}"
EndProject
Project("{2150E333-8FDC-42A3-9474-1A3956D46DE8}") = "rule-service", "rule-service", "{AEFFB196-F5D3-5A6C-2D1B-D61EFCF8DBB3}"
EndProject
Project("{FAE04EC0-301F-11D3-BF4B-00C04F79EFBC}") = "RuleService", "apps\rule-service\RuleService.csproj", "{3AC82DE0-A707-4335-818C-4A9D2CF92EC6}"
EndProject
Project("{2150E333-8FDC-42A3-9474-1A3956D46DE8}") = "pricing-service", "pricing-service", "{EE4A4FD9-FECF-6B74-9DD9-2B4D3861340D}"
EndProject
Project("{FAE04EC0-301F-11D3-BF4B-00C04F79EFBC}") = "PricingService", "apps\pricing-service\PricingService.csproj", "{5203FDF1-1AF6-441D-A899-B9034C8D0224}"
EndProject
Project("{2150E333-8FDC-42A3-9474-1A3956D46DE8}") = "tests", "tests", "{0AB3BF05-4346-4AA6-1389-037BE0695223}"
EndProject
Project("{2150E333-8FDC-42A3-9474-1A3956D46DE8}") = "pricing-service.tests", "pricing-service.tests", "{26054CAF-D861-0E7D-38D7-1EB8CA255545}"
EndProject
Project("{FAE04EC0-301F-11D3-BF4B-00C04F79EFBC}") = "PricingService.Tests", "tests\pricing-service.tests\PricingService.Tests.csproj", "{D50F17F2-D4F8-46E9-A433-43B08CC26CB4}"
EndProject
Project("{2150E333-8FDC-42A3-9474-1A3956D46DE8}") = "rule-service.tests", "rule-service.tests", "{5AEB407A-314A-133A-8325-CB04ECC5B8F6}"
EndProject
Project("{FAE04EC0-301F-11D3-BF4B-00C04F79EFBC}") = "RuleService.Tests", "tests\rule-service.tests\RuleService.Tests.csproj", "{A295B86A-FF9B-4603-B342-DDB2A79A799A}"
EndProject
Global
	GlobalSection(SolutionConfigurationPlatforms) = preSolution
		Debug|Any CPU = Debug|Any CPU
		Debug|x64 = Debug|x64
		Debug|x86 = Debug|x86
		Release|Any CPU = Release|Any CPU
		Release|x64 = Release|x64
		Release|x86 = Release|x86
	EndGlobalSection
	GlobalSection(ProjectConfigurationPlatforms) = postSolution
		{3AC82DE0-A707-4335-818C-4A9D2CF92EC6}.Debug|Any CPU.ActiveCfg = Debug|Any CPU
		{3AC82DE0-A707-4335-818C-4A9D2CF92EC6}.Debug|Any CPU.Build.0 = Debug|Any CPU
		{3AC82DE0-A707-4335-818C-4A9D2CF92EC6}.Debug|x64.ActiveCfg = Debug|Any CPU
		{3AC82DE0-A707-4335-818C-4A9D2CF92EC6}.Debug|x64.Build.0 = Debug|Any CPU
		{3AC82DE0-A707-4335-818C-4A9D2CF92EC6}.Debug|x86.ActiveCfg = Debug|Any CPU
		{3AC82DE0-A707-4335-818C-4A9D2CF92EC6}.Debug|x86.Build.0 = Debug|Any CPU
		{3AC82DE0-A707-4335-818C-4A9D2CF92EC6}.Release|Any CPU.ActiveCfg = Release|Any CPU
		{3AC82DE0-A707-4335-818C-4A9D2CF92EC6}.Release|Any CPU.Build.0 = Release|Any CPU
		{3AC82DE0-A707-4335-818C-4A9D2CF92EC6}.Release|x64.ActiveCfg = Release|Any CPU
		{3AC82DE0-A707-4335-818C-4A9D2CF92EC6}.Release|x64.Build.0 = Release|Any CPU
		{3AC82DE0-A707-4335-818C-4A9D2CF92EC6}.Release|x86.ActiveCfg = Release|Any CPU
		{3AC82DE0-A707-4335-818C-4A9D2CF92EC6}.Release|x86.Build.0 = Release|Any CPU
		{5203FDF1-1AF6-441D-A899-B9034C8D0224}.Debug|Any CPU.ActiveCfg = Debug|Any CPU
		{5203FDF1-1AF6-441D-A899-B9034C8D0224}.Debug|Any CPU.Build.0 = Debug|Any CPU
		{5203FDF1-1AF6-441D-A899-B9034C8D0224}.Debug|x64.ActiveCfg = Debug|Any CPU
		{5203FDF1-1AF6-441D-A899-B9034C8D0224}.Debug|x64.Build.0 = Debug|Any CPU
		{5203FDF1-1AF6-441D-A899-B9034C8D0224}.Debug|x86.ActiveCfg = Debug|Any CPU
		{5203FDF1-1AF6-441D-A899-B9034C8D0224}.Debug|x86.Build.0 = Debug|Any CPU
		{5203FDF1-1AF6-441D-A899-B9034C8D0224}.Release|Any CPU.ActiveCfg = Release|Any CPU
		{5203FDF1-1AF6-441D-A899-B9034C8D0224}.Release|Any CPU.Build.0 = Release|Any CPU
		{5203FDF1-1AF6-441D-A899-B9034C8D0224}.Release|x64.ActiveCfg = Release|Any CPU
		{5203FDF1-1AF6-441D-A899-B9034C8D0224}.Release|x64.Build.0 = Release|Any CPU
		{5203FDF1-1AF6-441D-A899-B9034C8D0224}.Release|x86.ActiveCfg = Release|Any CPU
		{5203FDF1-1AF6-441D-A899-B9034C8D0224}.Release|x86.Build.0 = Release|Any CPU
		{D50F17F2-D4F8-46E9-A433-43B08CC26CB4}.Debug|Any CPU.ActiveCfg = Debug|Any CPU
		{D50F17F2-D4F8-46E9-A433-43B08CC26CB4}.Debug|Any CPU.Build.0 = Debug|Any CPU
		{D50F17F2-D4F8-46E9-A433-43B08CC26CB4}.Debug|x64.ActiveCfg = Debug|Any CPU
		{D50F17F2-D4F8-46E9-A433-43B08CC26CB4}.Debug|x64.Build.0 = Debug|Any CPU
		{D50F17F2-D4F8-46E9-A433-43B08CC26CB4}.Debug|x86.ActiveCfg = Debug|Any CPU
		{D50F17F2-D4F8-46E9-A433-43B08CC26CB4}.Debug|x86.Build.0 = Debug|Any CPU
		{D50F17F2-D4F8-46E9-A433-43B08CC26CB4}.Release|Any CPU.ActiveCfg = Release|Any CPU
		{D50F17F2-D4F8-46E9-A433-43B08CC26CB4}.Release|Any CPU.Build.0 = Release|Any CPU
		{D50F17F2-D4F8-46E9-A433-43B08CC26CB4}.Release|x64.ActiveCfg = Release|Any CPU
		{D50F17F2-D4F8-46E9-A433-43B08CC26CB4}.Release|x64.Build.0 = Release|Any CPU
		{D50F17F2-D4F8-46E9-A433-43B08CC26CB4}.Release|x86.ActiveCfg = Release|Any CPU
		{D50F17F2-D4F8-46E9-A433-43B08CC26CB4}.Release|x86.Build.0 = Release|Any CPU
		{A295B86A-FF9B-4603-B342-DDB2A79A799A}.Debug|Any CPU.ActiveCfg = Debug|Any CPU
		{A295B86A-FF9B-4603-B342-DDB2A79A799A}.Debug|Any CPU.Build.0 = Debug|Any CPU
		{A295B86A-FF9B-4603-B342-DDB2A79A799A}.Debug|x64.ActiveCfg = Debug|Any CPU
		{A295B86A-FF9B-4603-B342-DDB2A79A799A}.Debug|x64.Build.0 = Debug|Any CPU
		{A295B86A-FF9B-4603-B342-DDB2A79A799A}.Debug|x86.ActiveCfg = Debug|Any CPU
		{A295B86A-FF9B-4603-B342-DDB2A79A799A}.Debug|x86.Build.0 = Debug|Any CPU
		{A295B86A-FF9B-4603-B342-DDB2A79A799A}.Release|Any CPU.ActiveCfg = Release|Any CPU
		{A295B86A-FF9B-4603-B342-DDB2A79A799A}.Release|Any CPU.Build.0 = Release|Any CPU
		{A295B86A-FF9B-4603-B342-DDB2A79A799A}.Release|x64.ActiveCfg = Release|Any CPU
		{A295B86A-FF9B-4603-B342-DDB2A79A799A}.Release|x64.Build.0 = Release|Any CPU
		{A295B86A-FF9B-4603-B342-DDB2A79A799A}.Release|x86.ActiveCfg = Release|Any CPU
		{A295B86A-FF9B-4603-B342-DDB2A79A799A}.Release|x86.Build.0 = Release|Any CPU
	EndGlobalSection
	GlobalSection(SolutionProperties) = preSolution
		HideSolutionNode = FALSE
	EndGlobalSection
	GlobalSection(NestedProjects) = preSolution
		{AEFFB196-F5D3-5A6C-2D1B-D61EFCF8DBB3} = {1787FE1D-075E-9E68-7218-25F1BD1BBEAB}
		{3AC82DE0-A707-4335-818C-4A9D2CF92EC6} = {AEFFB196-F5D3-5A6C-2D1B-D61EFCF8DBB3}
		{EE4A4FD9-FECF-6B74-9DD9-2B4D3861340D} = {1787FE1D-075E-9E68-7218-25F1BD1BBEAB}
		{5203FDF1-1AF6-441D-A899-B9034C8D0224} = {EE4A4FD9-FECF-6B74-9DD9-2B4D3861340D}
		{26054CAF-D861-0E7D-38D7-1EB8CA255545} = {0AB3BF05-4346-4AA6-1389-037BE0695223}
		{D50F17F2-D4F8-46E9-A433-43B08CC26CB4} = {26054CAF-D861-0E7D-38D7-1EB8CA255545}
		{5AEB407A-314A-133A-8325-CB04ECC5B8F6} = {0AB3BF05-4346-4AA6-1389-037BE0695223}
		{A295B86A-FF9B-4603-B342-DDB2A79A799A} = {5AEB407A-314A-133A-8325-CB04ECC5B8F6}
	EndGlobalSection
EndGlobal
